
Microsoft Visual Studio Solution File, Format Version 12.00
# Visual Studio Version 17
VisualStudioVersion = 17.7.34009.444
MinimumVisualStudioVersion = 10.0.40219.1
Project("{FAE04EC0-301F-11D3-BF4B-00C04F79EFBC}") = "backend-assignment", "backend-assignment\backend-assignment.csproj", "{6BD3D180-114B-48B9-9C79-2255DF04D2AA}"
EndProject
Global
	GlobalSection(SolutionConfigurationPlatforms) = preSolution
		Debug|Any CPU = Debug|Any CPU
		Release|Any CPU = Release|Any CPU
	EndGlobalSection
	GlobalSection(ProjectConfigurationPlatforms) = postSolution
		{6BD3D180-114B-48B9-9C79-2255DF04D2AA}.Debug|Any CPU.ActiveCfg = Debug|Any CPU
		{6BD3D180-114B-48B9-9C79-2255DF04D2AA}.Debug|Any CPU.Build.0 = Debug|Any CPU
		{6BD3D180-114B-48B9-9C79-2255DF04D2AA}.Release|Any CPU.ActiveCfg = Release|Any CPU
		{6BD3D180-114B-48B9-9C79-2255DF04D2AA}.Release|Any CPU.Build.0 = Release|Any CPU
	EndGlobalSection
	GlobalSection(SolutionProperties) = preSolution
		HideSolutionNode = FALSE
	EndGlobalSection
	GlobalSection(ExtensibilityGlobals) = postSolution
		SolutionGuid = {6180498D-329E-4309-89F2-4E9494F7DD3A}
	EndGlobalSection
EndGlobal
